
Microsoft Visual Studio Solution File, Format Version 12.00
# Visual Studio Version 17
VisualStudioVersion = 17.9.34723.18
MinimumVisualStudioVersion = 10.0.40219.1
Project("{9A19103F-16F7-4668-BE54-9A1E7A4F7556}") = "MNews", "MNews\MNews.csproj", "{17EFB72B-79F1-41CD-85D5-D4AAA6C35EB1}"
EndProject
Global
	GlobalSection(SolutionConfigurationPlatforms) = preSolution
		Debug|Any CPU = Debug|Any CPU
		Release|Any CPU = Release|Any CPU
	EndGlobalSection
	GlobalSection(ProjectConfigurationPlatforms) = postSolution
		{17EFB72B-79F1-41CD-85D5-D4AAA6C35EB1}.Debug|Any CPU.ActiveCfg = Debug|Any CPU
		{17EFB72B-79F1-41CD-85D5-D4AAA6C35EB1}.Debug|Any CPU.Build.0 = Debug|Any CPU
		{17EFB72B-79F1-41CD-85D5-D4AAA6C35EB1}.Release|Any CPU.ActiveCfg = Release|Any CPU
		{17EFB72B-79F1-41CD-85D5-D4AAA6C35EB1}.Release|Any CPU.Build.0 = Release|Any CPU
	EndGlobalSection
	GlobalSection(SolutionProperties) = preSolution
		HideSolutionNode = FALSE
	EndGlobalSection
	GlobalSection(ExtensibilityGlobals) = postSolution
		SolutionGuid = {479BC7E9-EC3A-4E81-8AC5-05106E2D1A34}
	EndGlobalSection
EndGlobal
